
Microsoft Visual Studio Solution File, Format Version 12.00
# Visual Studio Version 18
VisualStudioVersion = 18.5.11801.241
MinimumVisualStudioVersion = 10.0.40219.1
Project("{9A19103F-16F7-4668-BE54-9A1E7A4F7556}") = "Game.Core", "Game.Core\Game.Core.csproj", "{2551BFA2-5CA0-4193-9E53-F9176279E88D}"
EndProject
Project("{9A19103F-16F7-4668-BE54-9A1E7A4F7556}") = "Game.DataAccess", "Game.DataAccess\Game.DataAccess.csproj", "{8F2F5F1B-72AB-401E-9828-BE082C5C0089}"
	ProjectSection(ProjectDependencies) = postProject
		{2551BFA2-5CA0-4193-9E53-F9176279E88D} = {2551BFA2-5CA0-4193-9E53-F9176279E88D}
		{94B555D5-F004-4C41-8423-B13921AAB821} = {94B555D5-F004-4C41-8423-B13921AAB821}
		{CF430B48-0EEC-41D9-B308-0370CD43F666} = {CF430B48-0EEC-41D9-B308-0370CD43F666}
	EndProjectSection
EndProject
Project("{9A19103F-16F7-4668-BE54-9A1E7A4F7556}") = "Game.Infrastructure", "Game.Infrastructure\Game.Infrastructure.csproj", "{CF430B48-0EEC-41D9-B308-0370CD43F666}"
	ProjectSection(ProjectDependencies) = postProject
		{2551BFA2-5CA0-4193-9E53-F9176279E88D} = {2551BFA2-5CA0-4193-9E53-F9176279E88D}
	EndProjectSection
EndProject
Project("{9A19103F-16F7-4668-BE54-9A1E7A4F7556}") = "Game.Api", "Game.Api\Game.Api.csproj", "{4C61D186-7350-4BE0-A59A-28168BDDAA55}"
EndProject
Project("{FAE04EC0-301F-11D3-BF4B-00C04F79EFBC}") = "Game.Core.Tests", "Game.Core.Tests\Game.Core.Tests.csproj", "{3E20FE5C-A416-4ADA-832D-00C77F2200B5}"
EndProject
Project("{FAE04EC0-301F-11D3-BF4B-00C04F79EFBC}") = "Game.Abstractions", "Game.Abstractions\Game.Abstractions.csproj", "{94B555D5-F004-4C41-8423-B13921AAB821}"
EndProject
Project("{FAE04EC0-301F-11D3-BF4B-00C04F79EFBC}") = "Game.Application", "Game.Application\Game.Application.csproj", "{0802D88C-46BC-4EEC-8EB9-A5176201B53D}"
EndProject
Project("{FAE04EC0-301F-11D3-BF4B-00C04F79EFBC}") = "Game.Application.Tests", "Game.Application.Tests\Game.Application.Tests.csproj", "{35AC9CBC-9A41-434D-BC02-5279752D9925}"
EndProject
Project("{2150E333-8FDC-42A3-9474-1A3956D46DE8}") = "Solution Items", "Solution Items", "{0F1D473D-E66D-4155-926F-3CC32BDC1F7A}"
	ProjectSection(SolutionItems) = preProject
		.editorconfig = .editorconfig
	EndProjectSection
EndProject
Project("{FAE04EC0-301F-11D3-BF4B-00C04F79EFBC}") = "Game.Api.Tests", "Game.Api.Tests\Game.Api.Tests.csproj", "{569AE273-2C72-4CE5-B8BC-F58AF6DA62B3}"
EndProject
Global
	GlobalSection(SolutionConfigurationPlatforms) = preSolution
		Debug|Any CPU = Debug|Any CPU
		Debug|x64 = Debug|x64
		Debug|x86 = Debug|x86
		Release|Any CPU = Release|Any CPU
		Release|x64 = Release|x64
		Release|x86 = Release|x86
	EndGlobalSection
	GlobalSection(ProjectConfigurationPlatforms) = postSolution
		{2551BFA2-5CA0-4193-9E53-F9176279E88D}.Debug|Any CPU.ActiveCfg = Debug|Any CPU
		{2551BFA2-5CA0-4193-9E53-F9176279E88D}.Debug|Any CPU.Build.0 = Debug|Any CPU
		{2551BFA2-5CA0-4193-9E53-F9176279E88D}.Debug|x64.ActiveCfg = Debug|Any CPU
		{2551BFA2-5CA0-4193-9E53-F9176279E88D}.Debug|x64.Build.0 = Debug|Any CPU
		{2551BFA2-5CA0-4193-9E53-F9176279E88D}.Debug|x86.ActiveCfg = Debug|Any CPU
		{2551BFA2-5CA0-4193-9E53-F9176279E88D}.Debug|x86.Build.0 = Debug|Any CPU
		{2551BFA2-5CA0-4193-9E53-F9176279E88D}.Release|Any CPU.ActiveCfg = Release|Any CPU
		{2551BFA2-5CA0-4193-9E53-F9176279E88D}.Release|Any CPU.Build.0 = Release|Any CPU
		{2551BFA2-5CA0-4193-9E53-F9176279E88D}.Release|x64.ActiveCfg = Release|Any CPU
		{2551BFA2-5CA0-4193-9E53-F9176279E88D}.Release|x64.Build.0 = Release|Any CPU
		{2551BFA2-5CA0-4193-9E53-F9176279E88D}.Release|x86.ActiveCfg = Release|Any CPU
		{2551BFA2-5CA0-4193-9E53-F9176279E88D}.Release|x86.Build.0 = Release|Any CPU
		{8F2F5F1B-72AB-401E-9828-BE082C5C0089}.Debug|Any CPU.ActiveCfg = Debug|Any CPU
		{8F2F5F1B-72AB-401E-9828-BE082C5C0089}.Debug|Any CPU.Build.0 = Debug|Any CPU
		{8F2F5F1B-72AB-401E-9828-BE082C5C0089}.Debug|x64.ActiveCfg = Debug|Any CPU
		{8F2F5F1B-72AB-401E-9828-BE082C5C0089}.Debug|x64.Build.0 = Debug|Any CPU
		{8F2F5F1B-72AB-401E-9828-BE082C5C0089}.Debug|x86.ActiveCfg = Debug|Any CPU
		{8F2F5F1B-72AB-401E-9828-BE082C5C0089}.Debug|x86.Build.0 = Debug|Any CPU
		{8F2F5F1B-72AB-401E-9828-BE082C5C0089}.Release|Any CPU.ActiveCfg = Release|Any CPU
		{8F2F5F1B-72AB-401E-9828-BE082C5C0089}.Release|Any CPU.Build.0 = Release|Any CPU
		{8F2F5F1B-72AB-401E-9828-BE082C5C0089}.Release|x64.ActiveCfg = Release|Any CPU
		{8F2F5F1B-72AB-401E-9828-BE082C5C0089}.Release|x64.Build.0 = Release|Any CPU
		{8F2F5F1B-72AB-401E-9828-BE082C5C0089}.Release|x86.ActiveCfg = Release|Any CPU
		{8F2F5F1B-72AB-401E-9828-BE082C5C0089}.Release|x86.Build.0 = Release|Any CPU
		{CF430B48-0EEC-41D9-B308-0370CD43F666}.Debug|Any CPU.ActiveCfg = Debug|Any CPU
		{CF430B48-0EEC-41D9-B308-0370CD43F666}.Debug|Any CPU.Build.0 = Debug|Any CPU
		{CF430B48-0EEC-41D9-B308-0370CD43F666}.Debug|x64.ActiveCfg = Debug|Any CPU
		{CF430B48-0EEC-41D9-B308-0370CD43F666}.Debug|x64.Build.0 = Debug|Any CPU
		{CF430B48-0EEC-41D9-B308-0370CD43F666}.Debug|x86.ActiveCfg = Debug|Any CPU
		{CF430B48-0EEC-41D9-B308-0370CD43F666}.Debug|x86.Build.0 = Debug|Any CPU
		{CF430B48-0EEC-41D9-B308-0370CD43F666}.Release|Any CPU.ActiveCfg = Release|Any CPU
		{CF430B48-0EEC-41D9-B308-0370CD43F666}.Release|Any CPU.Build.0 = Release|Any CPU
		{CF430B48-0EEC-41D9-B308-0370CD43F666}.Release|x64.ActiveCfg = Release|Any CPU
		{CF430B48-0EEC-41D9-B308-0370CD43F666}.Release|x64.Build.0 = Release|Any CPU
		{CF430B48-0EEC-41D9-B308-0370CD43F666}.Release|x86.ActiveCfg = Release|Any CPU
		{CF430B48-0EEC-41D9-B308-0370CD43F666}.Release|x86.Build.0 = Release|Any CPU
		{4C61D186-7350-4BE0-A59A-28168BDDAA55}.Debug|Any CPU.ActiveCfg = Debug|Any CPU
		{4C61D186-7350-4BE0-A59A-28168BDDAA55}.Debug|Any CPU.Build.0 = Debug|Any CPU
		{4C61D186-7350-4BE0-A59A-28168BDDAA55}.Debug|x64.ActiveCfg = Debug|Any CPU
		{4C61D186-7350-4BE0-A59A-28168BDDAA55}.Debug|x64.Build.0 = Debug|Any CPU
		{4C61D186-7350-4BE0-A59A-28168BDDAA55}.Debug|x86.ActiveCfg = Debug|Any CPU
		{4C61D186-7350-4BE0-A59A-28168BDDAA55}.Debug|x86.Build.0 = Debug|Any CPU
		{4C61D186-7350-4BE0-A59A-28168BDDAA55}.Release|Any CPU.ActiveCfg = Release|Any CPU
		{4C61D186-7350-4BE0-A59A-28168BDDAA55}.Release|Any CPU.Build.0 = Release|Any CPU
		{4C61D186-7350-4BE0-A59A-28168BDDAA55}.Release|x64.ActiveCfg = Release|Any CPU
		{4C61D186-7350-4BE0-A59A-28168BDDAA55}.Release|x64.Build.0 = Release|Any CPU
		{4C61D186-7350-4BE0-A59A-28168BDDAA55}.Release|x86.ActiveCfg = Release|Any CPU
		{4C61D186-7350-4BE0-A59A-28168BDDAA55}.Release|x86.Build.0 = Release|Any CPU
		{3E20FE5C-A416-4ADA-832D-00C77F2200B5}.Debug|Any CPU.ActiveCfg = Debug|Any CPU
		{3E20FE5C-A416-4ADA-832D-00C77F2200B5}.Debug|Any CPU.Build.0 = Debug|Any CPU
		{3E20FE5C-A416-4ADA-832D-00C77F2200B5}.Debug|x64.ActiveCfg = Debug|Any CPU
		{3E20FE5C-A416-4ADA-832D-00C77F2200B5}.Debug|x64.Build.0 = Debug|Any CPU
		{3E20FE5C-A416-4ADA-832D-00C77F2200B5}.Debug|x86.ActiveCfg = Debug|Any CPU
		{3E20FE5C-A416-4ADA-832D-00C77F2200B5}.Debug|x86.Build.0 = Debug|Any CPU
		{3E20FE5C-A416-4ADA-832D-00C77F2200B5}.Release|Any CPU.ActiveCfg = Release|Any CPU
		{3E20FE5C-A416-4ADA-832D-00C77F2200B5}.Release|Any CPU.Build.0 = Release|Any CPU
		{3E20FE5C-A416-4ADA-832D-00C77F2200B5}.Release|x64.ActiveCfg = Release|Any CPU
		{3E20FE5C-A416-4ADA-832D-00C77F2200B5}.Release|x64.Build.0 = Release|Any CPU
		{3E20FE5C-A416-4ADA-832D-00C77F2200B5}.Release|x86.ActiveCfg = Release|Any CPU
		{3E20FE5C-A416-4ADA-832D-00C77F2200B5}.Release|x86.Build.0 = Release|Any CPU
		{94B555D5-F004-4C41-8423-B13921AAB821}.Debug|Any CPU.ActiveCfg = Debug|Any CPU
		{94B555D5-F004-4C41-8423-B13921AAB821}.Debug|Any CPU.Build.0 = Debug|Any CPU
		{94B555D5-F004-4C41-8423-B13921AAB821}.Debug|x64.ActiveCfg = Debug|Any CPU
		{94B555D5-F004-4C41-8423-B13921AAB821}.Debug|x64.Build.0 = Debug|Any CPU
		{94B555D5-F004-4C41-8423-B13921AAB821}.Debug|x86.ActiveCfg = Debug|Any CPU
		{94B555D5-F004-4C41-8423-B13921AAB821}.Debug|x86.Build.0 = Debug|Any CPU
		{94B555D5-F004-4C41-8423-B13921AAB821}.Release|Any CPU.ActiveCfg = Release|Any CPU
		{94B555D5-F004-4C41-8423-B13921AAB821}.Release|Any CPU.Build.0 = Release|Any CPU
		{94B555D5-F004-4C41-8423-B13921AAB821}.Release|x64.ActiveCfg = Release|Any CPU
		{94B555D5-F004-4C41-8423-B13921AAB821}.Release|x64.Build.0 = Release|Any CPU
		{94B555D5-F004-4C41-8423-B13921AAB821}.Release|x86.ActiveCfg = Release|Any CPU
		{94B555D5-F004-4C41-8423-B13921AAB821}.Release|x86.Build.0 = Release|Any CPU
		{0802D88C-46BC-4EEC-8EB9-A5176201B53D}.Debug|Any CPU.ActiveCfg = Debug|Any CPU
		{0802D88C-46BC-4EEC-8EB9-A5176201B53D}.Debug|Any CPU.Build.0 = Debug|Any CPU
		{0802D88C-46BC-4EEC-8EB9-A5176201B53D}.Debug|x64.ActiveCfg = Debug|Any CPU
		{0802D88C-46BC-4EEC-8EB9-A5176201B53D}.Debug|x64.Build.0 = Debug|Any CPU
		{0802D88C-46BC-4EEC-8EB9-A5176201B53D}.Debug|x86.ActiveCfg = Debug|Any CPU
		{0802D88C-46BC-4EEC-8EB9-A5176201B53D}.Debug|x86.Build.0 = Debug|Any CPU
		{0802D88C-46BC-4EEC-8EB9-A5176201B53D}.Release|Any CPU.ActiveCfg = Release|Any CPU
		{0802D88C-46BC-4EEC-8EB9-A5176201B53D}.Release|Any CPU.Build.0 = Release|Any CPU
		{0802D88C-46BC-4EEC-8EB9-A5176201B53D}.Release|x64.ActiveCfg = Release|Any CPU
		{0802D88C-46BC-4EEC-8EB9-A5176201B53D}.Release|x64.Build.0 = Release|Any CPU
		{0802D88C-46BC-4EEC-8EB9-A5176201B53D}.Release|x86.ActiveCfg = Release|Any CPU
		{0802D88C-46BC-4EEC-8EB9-A5176201B53D}.Release|x86.Build.0 = Release|Any CPU
		{35AC9CBC-9A41-434D-BC02-5279752D9925}.Debug|Any CPU.ActiveCfg = Debug|Any CPU
		{35AC9CBC-9A41-434D-BC02-5279752D9925}.Debug|Any CPU.Build.0 = Debug|Any CPU
		{35AC9CBC-9A41-434D-BC02-5279752D9925}.Debug|x64.ActiveCfg = Debug|Any CPU
		{35AC9CBC-9A41-434D-BC02-5279752D9925}.Debug|x64.Build.0 = Debug|Any CPU
		{35AC9CBC-9A41-434D-BC02-5279752D9925}.Debug|x86.ActiveCfg = Debug|Any CPU
		{35AC9CBC-9A41-434D-BC02-5279752D9925}.Debug|x86.Build.0 = Debug|Any CPU
		{35AC9CBC-9A41-434D-BC02-5279752D9925}.Release|Any CPU.ActiveCfg = Release|Any CPU
		{35AC9CBC-9A41-434D-BC02-5279752D9925}.Release|Any CPU.Build.0 = Release|Any CPU
		{35AC9CBC-9A41-434D-BC02-5279752D9925}.Release|x64.ActiveCfg = Release|Any CPU
		{35AC9CBC-9A41-434D-BC02-5279752D9925}.Release|x64.Build.0 = Release|Any CPU
		{35AC9CBC-9A41-434D-BC02-5279752D9925}.Release|x86.ActiveCfg = Release|Any CPU
		{35AC9CBC-9A41-434D-BC02-5279752D9925}.Release|x86.Build.0 = Release|Any CPU
		{569AE273-2C72-4CE5-B8BC-F58AF6DA62B3}.Debug|Any CPU.ActiveCfg = Debug|Any CPU
		{569AE273-2C72-4CE5-B8BC-F58AF6DA62B3}.Debug|Any CPU.Build.0 = Debug|Any CPU
		{569AE273-2C72-4CE5-B8BC-F58AF6DA62B3}.Debug|x64.ActiveCfg = Debug|Any CPU
		{569AE273-2C72-4CE5-B8BC-F58AF6DA62B3}.Debug|x64.Build.0 = Debug|Any CPU
		{569AE273-2C72-4CE5-B8BC-F58AF6DA62B3}.Debug|x86.ActiveCfg = Debug|Any CPU
		{569AE273-2C72-4CE5-B8BC-F58AF6DA62B3}.Debug|x86.Build.0 = Debug|Any CPU
		{569AE273-2C72-4CE5-B8BC-F58AF6DA62B3}.Release|Any CPU.ActiveCfg = Release|Any CPU
		{569AE273-2C72-4CE5-B8BC-F58AF6DA62B3}.Release|Any CPU.Build.0 = Release|Any CPU
		{569AE273-2C72-4CE5-B8BC-F58AF6DA62B3}.Release|x64.ActiveCfg = Release|Any CPU
		{569AE273-2C72-4CE5-B8BC-F58AF6DA62B3}.Release|x64.Build.0 = Release|Any CPU
		{569AE273-2C72-4CE5-B8BC-F58AF6DA62B3}.Release|x86.ActiveCfg = Release|Any CPU
		{569AE273-2C72-4CE5-B8BC-F58AF6DA62B3}.Release|x86.Build.0 = Release|Any CPU
	EndGlobalSection
	GlobalSection(SolutionProperties) = preSolution
		HideSolutionNode = FALSE
	EndGlobalSection
	GlobalSection(ExtensibilityGlobals) = postSolution
		SolutionGuid = {09D8257A-3130-48EB-B795-46CD7AFF99D4}
	EndGlobalSection
EndGlobal
