
Microsoft Visual Studio Solution File, Format Version 12.00
# Visual Studio Version 17
VisualStudioVersion = 17.7.34202.233
MinimumVisualStudioVersion = 10.0.40219.1
Project("{9A19103F-16F7-4668-BE54-9A1E7A4F7556}") = "Game.Core", "Game.Core\Game.Core.csproj", "{2551BFA2-5CA0-4193-9E53-F9176279E88D}"
EndProject
Project("{9A19103F-16F7-4668-BE54-9A1E7A4F7556}") = "Game.DataAccess", "Game.DataAccess\Game.DataAccess.csproj", "{8F2F5F1B-72AB-401E-9828-BE082C5C0089}"
	ProjectSection(ProjectDependencies) = postProject
		{2551BFA2-5CA0-4193-9E53-F9176279E88D} = {2551BFA2-5CA0-4193-9E53-F9176279E88D}
		{CF430B48-0EEC-41D9-B308-0370CD43F666} = {CF430B48-0EEC-41D9-B308-0370CD43F666}
	EndProjectSection
EndProject
Project("{9A19103F-16F7-4668-BE54-9A1E7A4F7556}") = "Game.Tests", "Game.Tests\Game.Tests.csproj", "{BFA2FC16-A24B-4D6D-AA58-FE22280A0E44}"
	ProjectSection(ProjectDependencies) = postProject
		{2551BFA2-5CA0-4193-9E53-F9176279E88D} = {2551BFA2-5CA0-4193-9E53-F9176279E88D}
		{8F2F5F1B-72AB-401E-9828-BE082C5C0089} = {8F2F5F1B-72AB-401E-9828-BE082C5C0089}
	EndProjectSection
EndProject
Project("{9A19103F-16F7-4668-BE54-9A1E7A4F7556}") = "Game.Infrastructure", "Game.Infrastructure\Game.Infrastructure.csproj", "{CF430B48-0EEC-41D9-B308-0370CD43F666}"
	ProjectSection(ProjectDependencies) = postProject
		{2551BFA2-5CA0-4193-9E53-F9176279E88D} = {2551BFA2-5CA0-4193-9E53-F9176279E88D}
	EndProjectSection
EndProject
Project("{9A19103F-16F7-4668-BE54-9A1E7A4F7556}") = "Game.Api", "Game.Api\Game.Api.csproj", "{4C61D186-7350-4BE0-A59A-28168BDDAA55}"
EndProject
Project("{FAE04EC0-301F-11D3-BF4B-00C04F79EFBC}") = "Game.Core.Tests", "Game.Core.Tests\Game.Core.Tests.csproj", "{3E20FE5C-A416-4ADA-832D-00C77F2200B5}"
EndProject
Global
	GlobalSection(SolutionConfigurationPlatforms) = preSolution
		Debug|Any CPU = Debug|Any CPU
		Release|Any CPU = Release|Any CPU
	EndGlobalSection
	GlobalSection(ProjectConfigurationPlatforms) = postSolution
		{2551BFA2-5CA0-4193-9E53-F9176279E88D}.Debug|Any CPU.ActiveCfg = Debug|Any CPU
		{2551BFA2-5CA0-4193-9E53-F9176279E88D}.Debug|Any CPU.Build.0 = Debug|Any CPU
		{2551BFA2-5CA0-4193-9E53-F9176279E88D}.Release|Any CPU.ActiveCfg = Release|Any CPU
		{2551BFA2-5CA0-4193-9E53-F9176279E88D}.Release|Any CPU.Build.0 = Release|Any CPU
		{8F2F5F1B-72AB-401E-9828-BE082C5C0089}.Debug|Any CPU.ActiveCfg = Debug|Any CPU
		{8F2F5F1B-72AB-401E-9828-BE082C5C0089}.Debug|Any CPU.Build.0 = Debug|Any CPU
		{8F2F5F1B-72AB-401E-9828-BE082C5C0089}.Release|Any CPU.ActiveCfg = Release|Any CPU
		{8F2F5F1B-72AB-401E-9828-BE082C5C0089}.Release|Any CPU.Build.0 = Release|Any CPU
		{BFA2FC16-A24B-4D6D-AA58-FE22280A0E44}.Debug|Any CPU.ActiveCfg = Debug|Any CPU
		{BFA2FC16-A24B-4D6D-AA58-FE22280A0E44}.Debug|Any CPU.Build.0 = Debug|Any CPU
		{BFA2FC16-A24B-4D6D-AA58-FE22280A0E44}.Release|Any CPU.ActiveCfg = Release|Any CPU
		{BFA2FC16-A24B-4D6D-AA58-FE22280A0E44}.Release|Any CPU.Build.0 = Release|Any CPU
		{CF430B48-0EEC-41D9-B308-0370CD43F666}.Debug|Any CPU.ActiveCfg = Debug|Any CPU
		{CF430B48-0EEC-41D9-B308-0370CD43F666}.Debug|Any CPU.Build.0 = Debug|Any CPU
		{CF430B48-0EEC-41D9-B308-0370CD43F666}.Release|Any CPU.ActiveCfg = Release|Any CPU
		{CF430B48-0EEC-41D9-B308-0370CD43F666}.Release|Any CPU.Build.0 = Release|Any CPU
		{4C61D186-7350-4BE0-A59A-28168BDDAA55}.Debug|Any CPU.ActiveCfg = Debug|Any CPU
		{4C61D186-7350-4BE0-A59A-28168BDDAA55}.Debug|Any CPU.Build.0 = Debug|Any CPU
		{4C61D186-7350-4BE0-A59A-28168BDDAA55}.Release|Any CPU.ActiveCfg = Release|Any CPU
		{4C61D186-7350-4BE0-A59A-28168BDDAA55}.Release|Any CPU.Build.0 = Release|Any CPU
		{3E20FE5C-A416-4ADA-832D-00C77F2200B5}.Debug|Any CPU.ActiveCfg = Debug|Any CPU
		{3E20FE5C-A416-4ADA-832D-00C77F2200B5}.Debug|Any CPU.Build.0 = Debug|Any CPU
		{3E20FE5C-A416-4ADA-832D-00C77F2200B5}.Release|Any CPU.ActiveCfg = Release|Any CPU
		{3E20FE5C-A416-4ADA-832D-00C77F2200B5}.Release|Any CPU.Build.0 = Release|Any CPU
	EndGlobalSection
	GlobalSection(SolutionProperties) = preSolution
		HideSolutionNode = FALSE
	EndGlobalSection
	GlobalSection(ExtensibilityGlobals) = postSolution
		SolutionGuid = {09D8257A-3130-48EB-B795-46CD7AFF99D4}
	EndGlobalSection
EndGlobal
