
Microsoft Visual Studio Solution File, Format Version 12.00
# Visual Studio Version 17
VisualStudioVersion = 17.7.34202.233
MinimumVisualStudioVersion = 10.0.40219.1
Project("{9A19103F-16F7-4668-BE54-9A1E7A4F7556}") = "GameServer", "GameServer\GameServer.csproj", "{05C9FBD1-DCDF-4BD5-82DF-20C6E2D52F82}"
EndProject
Project("{9A19103F-16F7-4668-BE54-9A1E7A4F7556}") = "GameLibrary", "GameLibrary\GameLibrary.csproj", "{2551BFA2-5CA0-4193-9E53-F9176279E88D}"
EndProject
Project("{FAE04EC0-301F-11D3-BF4B-00C04F79EFBC}") = "DataAccess", "DataAccess\DataAccess.csproj", "{8F2F5F1B-72AB-401E-9828-BE082C5C0089}"
EndProject
Global
	GlobalSection(SolutionConfigurationPlatforms) = preSolution
		Debug|Any CPU = Debug|Any CPU
		Release|Any CPU = Release|Any CPU
	EndGlobalSection
	GlobalSection(ProjectConfigurationPlatforms) = postSolution
		{05C9FBD1-DCDF-4BD5-82DF-20C6E2D52F82}.Debug|Any CPU.ActiveCfg = Debug|Any CPU
		{05C9FBD1-DCDF-4BD5-82DF-20C6E2D52F82}.Debug|Any CPU.Build.0 = Debug|Any CPU
		{05C9FBD1-DCDF-4BD5-82DF-20C6E2D52F82}.Release|Any CPU.ActiveCfg = Release|Any CPU
		{05C9FBD1-DCDF-4BD5-82DF-20C6E2D52F82}.Release|Any CPU.Build.0 = Release|Any CPU
		{2551BFA2-5CA0-4193-9E53-F9176279E88D}.Debug|Any CPU.ActiveCfg = Debug|Any CPU
		{2551BFA2-5CA0-4193-9E53-F9176279E88D}.Debug|Any CPU.Build.0 = Debug|Any CPU
		{2551BFA2-5CA0-4193-9E53-F9176279E88D}.Release|Any CPU.ActiveCfg = Release|Any CPU
		{2551BFA2-5CA0-4193-9E53-F9176279E88D}.Release|Any CPU.Build.0 = Release|Any CPU
		{8F2F5F1B-72AB-401E-9828-BE082C5C0089}.Debug|Any CPU.ActiveCfg = Debug|Any CPU
		{8F2F5F1B-72AB-401E-9828-BE082C5C0089}.Debug|Any CPU.Build.0 = Debug|Any CPU
		{8F2F5F1B-72AB-401E-9828-BE082C5C0089}.Release|Any CPU.ActiveCfg = Release|Any CPU
		{8F2F5F1B-72AB-401E-9828-BE082C5C0089}.Release|Any CPU.Build.0 = Release|Any CPU
	EndGlobalSection
	GlobalSection(SolutionProperties) = preSolution
		HideSolutionNode = FALSE
	EndGlobalSection
	GlobalSection(ExtensibilityGlobals) = postSolution
		SolutionGuid = {09D8257A-3130-48EB-B795-46CD7AFF99D4}
	EndGlobalSection
EndGlobal
